
Microsoft Visual Studio Solution File, Format Version 12.00
# Visual Studio Version 16
VisualStudioVersion = 16.0.30320.27
MinimumVisualStudioVersion = 10.0.40219.1
Project("{FAE04EC0-301F-11D3-BF4B-00C04F79EFBC}") = "DigitExample.Android", "DigitExample.Android\DigitExample.Android.csproj", "{F3DA5B7C-3308-4BE7-AFA1-D331ACD7C7B1}"
EndProject
Project("{FAE04EC0-301F-11D3-BF4B-00C04F79EFBC}") = "DigitExample", "DigitExample\DigitExample.csproj", "{AD4510FB-2DC0-4FAC-B9A3-F0A081EDBC7D}"
EndProject
Project("{9A19103F-16F7-4668-BE54-9A1E7A4F7556}") = "BluetoothClassic.Base", "..\..\src\BluetoothClassic.Base\BluetoothClassic.Base.csproj", "{B51A2E03-F76E-4FB0-8551-5DF247AA213E}"
EndProject
Project("{FAE04EC0-301F-11D3-BF4B-00C04F79EFBC}") = "BluetoothClassic.Android", "..\..\src\BluetoothClassic.Android\BluetoothClassic.Android.csproj", "{38400BFA-B589-43CB-8F62-0B0EB96AB9E8}"
EndProject
Global
	GlobalSection(SolutionConfigurationPlatforms) = preSolution
		Debug|Any CPU = Debug|Any CPU
		Release|Any CPU = Release|Any CPU
	EndGlobalSection
	GlobalSection(ProjectConfigurationPlatforms) = postSolution
		{F3DA5B7C-3308-4BE7-AFA1-D331ACD7C7B1}.Debug|Any CPU.ActiveCfg = Debug|Any CPU
		{F3DA5B7C-3308-4BE7-AFA1-D331ACD7C7B1}.Debug|Any CPU.Build.0 = Debug|Any CPU
		{F3DA5B7C-3308-4BE7-AFA1-D331ACD7C7B1}.Debug|Any CPU.Deploy.0 = Debug|Any CPU
		{F3DA5B7C-3308-4BE7-AFA1-D331ACD7C7B1}.Release|Any CPU.ActiveCfg = Release|Any CPU
		{F3DA5B7C-3308-4BE7-AFA1-D331ACD7C7B1}.Release|Any CPU.Build.0 = Release|Any CPU
		{F3DA5B7C-3308-4BE7-AFA1-D331ACD7C7B1}.Release|Any CPU.Deploy.0 = Release|Any CPU
		{AD4510FB-2DC0-4FAC-B9A3-F0A081EDBC7D}.Debug|Any CPU.ActiveCfg = Debug|Any CPU
		{AD4510FB-2DC0-4FAC-B9A3-F0A081EDBC7D}.Debug|Any CPU.Build.0 = Debug|Any CPU
		{AD4510FB-2DC0-4FAC-B9A3-F0A081EDBC7D}.Debug|Any CPU.Deploy.0 = Debug|Any CPU
		{AD4510FB-2DC0-4FAC-B9A3-F0A081EDBC7D}.Release|Any CPU.ActiveCfg = Release|Any CPU
		{AD4510FB-2DC0-4FAC-B9A3-F0A081EDBC7D}.Release|Any CPU.Build.0 = Release|Any CPU
		{AD4510FB-2DC0-4FAC-B9A3-F0A081EDBC7D}.Release|Any CPU.Deploy.0 = Release|Any CPU
		{B51A2E03-F76E-4FB0-8551-5DF247AA213E}.Debug|Any CPU.ActiveCfg = Debug|Any CPU
		{B51A2E03-F76E-4FB0-8551-5DF247AA213E}.Debug|Any CPU.Build.0 = Debug|Any CPU
		{B51A2E03-F76E-4FB0-8551-5DF247AA213E}.Release|Any CPU.ActiveCfg = Release|Any CPU
		{B51A2E03-F76E-4FB0-8551-5DF247AA213E}.Release|Any CPU.Build.0 = Release|Any CPU
		{38400BFA-B589-43CB-8F62-0B0EB96AB9E8}.Debug|Any CPU.ActiveCfg = Debug|Any CPU
		{38400BFA-B589-43CB-8F62-0B0EB96AB9E8}.Debug|Any CPU.Build.0 = Debug|Any CPU
		{38400BFA-B589-43CB-8F62-0B0EB96AB9E8}.Debug|Any CPU.Deploy.0 = Debug|Any CPU
		{38400BFA-B589-43CB-8F62-0B0EB96AB9E8}.Release|Any CPU.ActiveCfg = Release|Any CPU
		{38400BFA-B589-43CB-8F62-0B0EB96AB9E8}.Release|Any CPU.Build.0 = Release|Any CPU
		{38400BFA-B589-43CB-8F62-0B0EB96AB9E8}.Release|Any CPU.Deploy.0 = Release|Any CPU
	EndGlobalSection
	GlobalSection(SolutionProperties) = preSolution
		HideSolutionNode = FALSE
	EndGlobalSection
	GlobalSection(ExtensibilityGlobals) = postSolution
		SolutionGuid = {93893624-4F1A-499D-BF49-667380DD4302}
	EndGlobalSection
EndGlobal
