
Microsoft Visual Studio Solution File, Format Version 12.00
# Visual Studio Version 16
VisualStudioVersion = 16.0.30320.27
MinimumVisualStudioVersion = 10.0.40219.1
Project("{FAE04EC0-301F-11D3-BF4B-00C04F79EFBC}") = "Plugin.BluetoothClassic.Android", "Plugin.BluetoothClassic.Android\Plugin.BluetoothClassic.Android.csproj", "{F4066909-CCA0-46FB-AA49-2D74B8708C90}"
EndProject
Project("{FAE04EC0-301F-11D3-BF4B-00C04F79EFBC}") = "Plugin.BluetoothClassic.Abstractions", "Plugin.BluetoothClassic.Abstractions\Plugin.BluetoothClassic.Abstractions.csproj", "{2A2F6871-238F-4575-BA27-118A4BDFECB8}"
EndProject
Global
	GlobalSection(SolutionConfigurationPlatforms) = preSolution
		Debug|Any CPU = Debug|Any CPU
		Debug|ARM = Debug|ARM
		Debug|iPhone = Debug|iPhone
		Debug|iPhoneSimulator = Debug|iPhoneSimulator
		Debug|x64 = Debug|x64
		Debug|x86 = Debug|x86
		Release|Any CPU = Release|Any CPU
		Release|ARM = Release|ARM
		Release|iPhone = Release|iPhone
		Release|iPhoneSimulator = Release|iPhoneSimulator
		Release|x64 = Release|x64
		Release|x86 = Release|x86
	EndGlobalSection
	GlobalSection(ProjectConfigurationPlatforms) = postSolution
		{F4066909-CCA0-46FB-AA49-2D74B8708C90}.Debug|Any CPU.ActiveCfg = Debug|Any CPU
		{F4066909-CCA0-46FB-AA49-2D74B8708C90}.Debug|Any CPU.Build.0 = Debug|Any CPU
		{F4066909-CCA0-46FB-AA49-2D74B8708C90}.Debug|ARM.ActiveCfg = Debug|Any CPU
		{F4066909-CCA0-46FB-AA49-2D74B8708C90}.Debug|ARM.Build.0 = Debug|Any CPU
		{F4066909-CCA0-46FB-AA49-2D74B8708C90}.Debug|iPhone.ActiveCfg = Debug|Any CPU
		{F4066909-CCA0-46FB-AA49-2D74B8708C90}.Debug|iPhone.Build.0 = Debug|Any CPU
		{F4066909-CCA0-46FB-AA49-2D74B8708C90}.Debug|iPhoneSimulator.ActiveCfg = Debug|Any CPU
		{F4066909-CCA0-46FB-AA49-2D74B8708C90}.Debug|iPhoneSimulator.Build.0 = Debug|Any CPU
		{F4066909-CCA0-46FB-AA49-2D74B8708C90}.Debug|x64.ActiveCfg = Debug|Any CPU
		{F4066909-CCA0-46FB-AA49-2D74B8708C90}.Debug|x64.Build.0 = Debug|Any CPU
		{F4066909-CCA0-46FB-AA49-2D74B8708C90}.Debug|x86.ActiveCfg = Debug|Any CPU
		{F4066909-CCA0-46FB-AA49-2D74B8708C90}.Debug|x86.Build.0 = Debug|Any CPU
		{F4066909-CCA0-46FB-AA49-2D74B8708C90}.Release|Any CPU.ActiveCfg = Release|Any CPU
		{F4066909-CCA0-46FB-AA49-2D74B8708C90}.Release|Any CPU.Build.0 = Release|Any CPU
		{F4066909-CCA0-46FB-AA49-2D74B8708C90}.Release|ARM.ActiveCfg = Release|Any CPU
		{F4066909-CCA0-46FB-AA49-2D74B8708C90}.Release|ARM.Build.0 = Release|Any CPU
		{F4066909-CCA0-46FB-AA49-2D74B8708C90}.Release|iPhone.ActiveCfg = Release|Any CPU
		{F4066909-CCA0-46FB-AA49-2D74B8708C90}.Release|iPhone.Build.0 = Release|Any CPU
		{F4066909-CCA0-46FB-AA49-2D74B8708C90}.Release|iPhoneSimulator.ActiveCfg = Release|Any CPU
		{F4066909-CCA0-46FB-AA49-2D74B8708C90}.Release|iPhoneSimulator.Build.0 = Release|Any CPU
		{F4066909-CCA0-46FB-AA49-2D74B8708C90}.Release|x64.ActiveCfg = Release|Any CPU
		{F4066909-CCA0-46FB-AA49-2D74B8708C90}.Release|x64.Build.0 = Release|Any CPU
		{F4066909-CCA0-46FB-AA49-2D74B8708C90}.Release|x86.ActiveCfg = Release|Any CPU
		{F4066909-CCA0-46FB-AA49-2D74B8708C90}.Release|x86.Build.0 = Release|Any CPU
		{2A2F6871-238F-4575-BA27-118A4BDFECB8}.Debug|Any CPU.ActiveCfg = Debug|Any CPU
		{2A2F6871-238F-4575-BA27-118A4BDFECB8}.Debug|Any CPU.Build.0 = Debug|Any CPU
		{2A2F6871-238F-4575-BA27-118A4BDFECB8}.Debug|ARM.ActiveCfg = Debug|Any CPU
		{2A2F6871-238F-4575-BA27-118A4BDFECB8}.Debug|ARM.Build.0 = Debug|Any CPU
		{2A2F6871-238F-4575-BA27-118A4BDFECB8}.Debug|iPhone.ActiveCfg = Debug|Any CPU
		{2A2F6871-238F-4575-BA27-118A4BDFECB8}.Debug|iPhone.Build.0 = Debug|Any CPU
		{2A2F6871-238F-4575-BA27-118A4BDFECB8}.Debug|iPhoneSimulator.ActiveCfg = Debug|Any CPU
		{2A2F6871-238F-4575-BA27-118A4BDFECB8}.Debug|iPhoneSimulator.Build.0 = Debug|Any CPU
		{2A2F6871-238F-4575-BA27-118A4BDFECB8}.Debug|x64.ActiveCfg = Debug|Any CPU
		{2A2F6871-238F-4575-BA27-118A4BDFECB8}.Debug|x64.Build.0 = Debug|Any CPU
		{2A2F6871-238F-4575-BA27-118A4BDFECB8}.Debug|x86.ActiveCfg = Debug|Any CPU
		{2A2F6871-238F-4575-BA27-118A4BDFECB8}.Debug|x86.Build.0 = Debug|Any CPU
		{2A2F6871-238F-4575-BA27-118A4BDFECB8}.Release|Any CPU.ActiveCfg = Release|Any CPU
		{2A2F6871-238F-4575-BA27-118A4BDFECB8}.Release|Any CPU.Build.0 = Release|Any CPU
		{2A2F6871-238F-4575-BA27-118A4BDFECB8}.Release|ARM.ActiveCfg = Release|Any CPU
		{2A2F6871-238F-4575-BA27-118A4BDFECB8}.Release|ARM.Build.0 = Release|Any CPU
		{2A2F6871-238F-4575-BA27-118A4BDFECB8}.Release|iPhone.ActiveCfg = Release|Any CPU
		{2A2F6871-238F-4575-BA27-118A4BDFECB8}.Release|iPhone.Build.0 = Release|Any CPU
		{2A2F6871-238F-4575-BA27-118A4BDFECB8}.Release|iPhoneSimulator.ActiveCfg = Release|Any CPU
		{2A2F6871-238F-4575-BA27-118A4BDFECB8}.Release|iPhoneSimulator.Build.0 = Release|Any CPU
		{2A2F6871-238F-4575-BA27-118A4BDFECB8}.Release|x64.ActiveCfg = Release|Any CPU
		{2A2F6871-238F-4575-BA27-118A4BDFECB8}.Release|x64.Build.0 = Release|Any CPU
		{2A2F6871-238F-4575-BA27-118A4BDFECB8}.Release|x86.ActiveCfg = Release|Any CPU
		{2A2F6871-238F-4575-BA27-118A4BDFECB8}.Release|x86.Build.0 = Release|Any CPU
	EndGlobalSection
	GlobalSection(SolutionProperties) = preSolution
		HideSolutionNode = FALSE
	EndGlobalSection
	GlobalSection(ExtensibilityGlobals) = postSolution
		SolutionGuid = {43CFBC1A-7E9A-4270-B311-FCEC62A3FDB6}
	EndGlobalSection
EndGlobal
